
Microsoft Visual Studio Solution File, Format Version 12.00
# Visual Studio Version 17
VisualStudioVersion = 17.6.33829.357
MinimumVisualStudioVersion = 10.0.40219.1
Project("{9A19103F-16F7-4668-BE54-9A1E7A4F7556}") = "BlazorApp2G05", "BlazorApp2G05\BlazorApp2G05.csproj", "{09A13446-CF61-4641-80C6-14E72B0AFAB6}"
EndProject
Global
	GlobalSection(SolutionConfigurationPlatforms) = preSolution
		Debug|Any CPU = Debug|Any CPU
		Release|Any CPU = Release|Any CPU
	EndGlobalSection
	GlobalSection(ProjectConfigurationPlatforms) = postSolution
		{09A13446-CF61-4641-80C6-14E72B0AFAB6}.Debug|Any CPU.ActiveCfg = Debug|Any CPU
		{09A13446-CF61-4641-80C6-14E72B0AFAB6}.Debug|Any CPU.Build.0 = Debug|Any CPU
		{09A13446-CF61-4641-80C6-14E72B0AFAB6}.Release|Any CPU.ActiveCfg = Release|Any CPU
		{09A13446-CF61-4641-80C6-14E72B0AFAB6}.Release|Any CPU.Build.0 = Release|Any CPU
	EndGlobalSection
	GlobalSection(SolutionProperties) = preSolution
		HideSolutionNode = FALSE
	EndGlobalSection
	GlobalSection(ExtensibilityGlobals) = postSolution
		SolutionGuid = {CE4FD522-03BE-429B-A32C-88A75CB6C8FA}
	EndGlobalSection
EndGlobal
